
Microsoft Visual Studio Solution File, Format Version 12.00
# Visual Studio 15
VisualStudioVersion = 15.0.28307.271
MinimumVisualStudioVersion = 10.0.40219.1
Project("{FAE04EC0-301F-11D3-BF4B-00C04F79EFBC}") = "DataMigrationTool", "DataMigrationTool\DataMigrationTool.csproj", "{208D6A92-555B-4F1C-91AA-41BA9C4E49A3}"
EndProject
Project("{E24C65DC-7377-472B-9ABA-BC803B73C61A}") = "ReportWebSite", "ReportWebSite\", "{335FD936-6CB5-460A-A11B-7589B1CC1E3F}"
	ProjectSection(WebsiteProperties) = preProject
		TargetFrameworkMoniker = ".NETFramework,Version%3Dv4.0"
		ProjectReferences = "{53CE6A7D-14A2-415B-9AA8-299CFF4B48CD}|EntityFinders.dll;{EF700F30-C9BB-49A6-912C-E3B77857B514}|HtmlToOpenXml.dll;{1D3684DD-83B9-456B-AB25-56F9234C2979}|ImportToolUtils.dll;{1697D047-9BC2-4DD7-95CF-221C002AD05A}|Common.dll;"
		Debug.AspNetCompiler.VirtualPath = "/ReportWebSite"
		Debug.AspNetCompiler.PhysicalPath = "ReportWebSite\"
		Debug.AspNetCompiler.TargetPath = "PrecompiledWeb\ReportWebSite\"
		Debug.AspNetCompiler.Updateable = "true"
		Debug.AspNetCompiler.ForceOverwrite = "true"
		Debug.AspNetCompiler.FixedNames = "false"
		Debug.AspNetCompiler.Debug = "True"
		Release.AspNetCompiler.VirtualPath = "/ReportWebSite"
		Release.AspNetCompiler.PhysicalPath = "ReportWebSite\"
		Release.AspNetCompiler.TargetPath = "PrecompiledWeb\ReportWebSite\"
		Release.AspNetCompiler.Updateable = "true"
		Release.AspNetCompiler.ForceOverwrite = "true"
		Release.AspNetCompiler.FixedNames = "false"
		Release.AspNetCompiler.Debug = "False"
		VWDPort = "6660"
		VWDDynamicPort = "false"
		SlnRelativePath = "ReportWebSite\"
		StartServerOnDebug = "false"
	EndProjectSection
EndProject
Project("{FAE04EC0-301F-11D3-BF4B-00C04F79EFBC}") = "DataMigrationConsoleTool", "DataMigrationConsoleTool\DataMigrationConsoleTool.csproj", "{C6C928EE-7E60-4FD7-9281-231540D9A032}"
EndProject
Project("{FAE04EC0-301F-11D3-BF4B-00C04F79EFBC}") = "FinInfoLoadingTool", "FinInfoLoadingTool\FinInfoLoadingTool.csproj", "{9CC3F5FB-E759-4A60-B553-1CFE74BF122F}"
EndProject
Project("{FAE04EC0-301F-11D3-BF4B-00C04F79EFBC}") = "AddressListLookupTool", "AddressListLookupTool\AddressListLookupTool.csproj", "{5140CE6C-7673-4000-89AB-969B4ECBD4E2}"
EndProject
Project("{FAE04EC0-301F-11D3-BF4B-00C04F79EFBC}") = "OrderDocImportTool", "OrderDocImportTool\OrderDocImportTool.csproj", "{EDD5F860-FD9F-4279-BEF0-850C9E639A99}"
EndProject
Project("{FAE04EC0-301F-11D3-BF4B-00C04F79EFBC}") = "EntityFinders", "EntityFinders\EntityFinders.csproj", "{53CE6A7D-14A2-415B-9AA8-299CFF4B48CD}"
EndProject
Project("{FAE04EC0-301F-11D3-BF4B-00C04F79EFBC}") = "HtmlToOpenXml", "html2openxml\HtmlToOpenXml.csproj", "{EF700F30-C9BB-49A6-912C-E3B77857B514}"
EndProject
Project("{FAE04EC0-301F-11D3-BF4B-00C04F79EFBC}") = "ImportToolUtils", "ImportToolUtils\ImportToolUtils.csproj", "{1D3684DD-83B9-456B-AB25-56F9234C2979}"
EndProject
Project("{FAE04EC0-301F-11D3-BF4B-00C04F79EFBC}") = "ExtDataEntry", "ExtDataEntry\ExtDataEntry.csproj", "{54838E84-A257-4527-96BC-9C57B7159C36}"
EndProject
Project("{2150E333-8FDC-42A3-9474-1A3956D46DE8}") = "DbScripts", "DbScripts", "{3A04CE16-E5E5-4CC8-BD37-E4FF6A1D85AE}"
	ProjectSection(SolutionItems) = preProject
		DbScripts\1NFUpdate.sql = DbScripts\1NFUpdate.sql
		DbScripts\DataMigrationPreProcessing.sql = DbScripts\DataMigrationPreProcessing.sql
		DbScripts\Dictionary.sql = DbScripts\Dictionary.sql
		DbScripts\SqlServerDbSchema.sql = DbScripts\SqlServerDbSchema.sql
		DbScripts\SqlServerViews.sql = DbScripts\SqlServerViews.sql
	EndProjectSection
EndProject
Project("{FAE04EC0-301F-11D3-BF4B-00C04F79EFBC}") = "Common", "Common\Common.csproj", "{1697D047-9BC2-4DD7-95CF-221C002AD05A}"
EndProject
Project("{2150E333-8FDC-42A3-9474-1A3956D46DE8}") = "NEW", "NEW", "{5B8768B6-D644-471B-8C5D-19BA1C8E6583}"
EndProject
Project("{FAE04EC0-301F-11D3-BF4B-00C04F79EFBC}") = "GUKV.Dictionaries", "GUKV.Dictionaries\GUKV.Dictionaries.csproj", "{76F7E464-ABE9-4E28-B6DC-C8ABF629FE60}"
EndProject
Project("{2150E333-8FDC-42A3-9474-1A3956D46DE8}") = "DEDUPE", "DEDUPE", "{819459A5-23A3-4545-8092-F6AC21583131}"
	ProjectSection(SolutionItems) = preProject
		dedupe\dedupe.zip = dedupe\dedupe.zip
	EndProjectSection
EndProject
Project("{2150E333-8FDC-42A3-9474-1A3956D46DE8}") = "Lib", "Lib", "{031FDFEB-4F03-44CF-BE79-39770FAB4B3E}"
EndProject
Project("{2150E333-8FDC-42A3-9474-1A3956D46DE8}") = "DevExpress", "DevExpress", "{715DE576-24A8-40B2-8DB1-6129E90EB5E8}"
	ProjectSection(SolutionItems) = preProject
		Lib\DevExpress\DevExpress.Data.v13.1.dll = Lib\DevExpress\DevExpress.Data.v13.1.dll
		Lib\DevExpress\DevExpress.Office.v13.1.Core.dll = Lib\DevExpress\DevExpress.Office.v13.1.Core.dll
		Lib\DevExpress\DevExpress.Printing.v13.1.Core.dll = Lib\DevExpress\DevExpress.Printing.v13.1.Core.dll
		Lib\DevExpress\DevExpress.RichEdit.v13.1.Core.dll = Lib\DevExpress\DevExpress.RichEdit.v13.1.Core.dll
		Lib\DevExpress\DevExpress.SpellChecker.v13.1.Core.dll = Lib\DevExpress\DevExpress.SpellChecker.v13.1.Core.dll
		Lib\DevExpress\DevExpress.Utils.v13.1.dll = Lib\DevExpress\DevExpress.Utils.v13.1.dll
		Lib\DevExpress\DevExpress.Web.ASPxHtmlEditor.v13.1.dll = Lib\DevExpress\DevExpress.Web.ASPxHtmlEditor.v13.1.dll
		Lib\DevExpress\DevExpress.Web.ASPxSpellChecker.v13.1.dll = Lib\DevExpress\DevExpress.Web.ASPxSpellChecker.v13.1.dll
		Lib\DevExpress\DevExpress.Web.ASPxThemes.v13.1.dll = Lib\DevExpress\DevExpress.Web.ASPxThemes.v13.1.dll
		Lib\DevExpress\DevExpress.Web.ASPxTreeList.v13.1.dll = Lib\DevExpress\DevExpress.Web.ASPxTreeList.v13.1.dll
		Lib\DevExpress\DevExpress.Web.v13.1.dll = Lib\DevExpress\DevExpress.Web.v13.1.dll
		Lib\DevExpress\DevExpress.XtraEditors.v13.1.dll = Lib\DevExpress\DevExpress.XtraEditors.v13.1.dll
		Lib\DevExpress\DevExpress.XtraPrinting.v13.1.dll = Lib\DevExpress\DevExpress.XtraPrinting.v13.1.dll
		Lib\DevExpress\DevExpress.XtraReports.v13.1.dll = Lib\DevExpress\DevExpress.XtraReports.v13.1.dll
		Lib\DevExpress\DevExpress.XtraReports.v13.1.Web.dll = Lib\DevExpress\DevExpress.XtraReports.v13.1.Web.dll
	EndProjectSection
EndProject
Project("{FAE04EC0-301F-11D3-BF4B-00C04F79EFBC}") = "GUKVService", "GUKVService\GUKVService.csproj", "{0E86A389-7C5F-4051-BFE8-90AF4BFB2AA0}"
EndProject
Global
	GlobalSection(SolutionConfigurationPlatforms) = preSolution
		Debug|Any CPU = Debug|Any CPU
		Debug|Mixed Platforms = Debug|Mixed Platforms
		Debug|x86 = Debug|x86
		Release|Any CPU = Release|Any CPU
		Release|Mixed Platforms = Release|Mixed Platforms
		Release|x86 = Release|x86
	EndGlobalSection
	GlobalSection(ProjectConfigurationPlatforms) = postSolution
		{208D6A92-555B-4F1C-91AA-41BA9C4E49A3}.Debug|Any CPU.ActiveCfg = Debug|x86
		{208D6A92-555B-4F1C-91AA-41BA9C4E49A3}.Debug|Mixed Platforms.ActiveCfg = Debug|x86
		{208D6A92-555B-4F1C-91AA-41BA9C4E49A3}.Debug|Mixed Platforms.Build.0 = Debug|x86
		{208D6A92-555B-4F1C-91AA-41BA9C4E49A3}.Debug|x86.ActiveCfg = Debug|x86
		{208D6A92-555B-4F1C-91AA-41BA9C4E49A3}.Debug|x86.Build.0 = Debug|x86
		{208D6A92-555B-4F1C-91AA-41BA9C4E49A3}.Release|Any CPU.ActiveCfg = Release|x86
		{208D6A92-555B-4F1C-91AA-41BA9C4E49A3}.Release|Mixed Platforms.ActiveCfg = Release|x86
		{208D6A92-555B-4F1C-91AA-41BA9C4E49A3}.Release|Mixed Platforms.Build.0 = Release|x86
		{208D6A92-555B-4F1C-91AA-41BA9C4E49A3}.Release|x86.ActiveCfg = Release|x86
		{208D6A92-555B-4F1C-91AA-41BA9C4E49A3}.Release|x86.Build.0 = Release|x86
		{335FD936-6CB5-460A-A11B-7589B1CC1E3F}.Debug|Any CPU.ActiveCfg = Debug|Any CPU
		{335FD936-6CB5-460A-A11B-7589B1CC1E3F}.Debug|Any CPU.Build.0 = Debug|Any CPU
		{335FD936-6CB5-460A-A11B-7589B1CC1E3F}.Debug|Mixed Platforms.ActiveCfg = Debug|Any CPU
		{335FD936-6CB5-460A-A11B-7589B1CC1E3F}.Debug|Mixed Platforms.Build.0 = Debug|Any CPU
		{335FD936-6CB5-460A-A11B-7589B1CC1E3F}.Debug|x86.ActiveCfg = Debug|Any CPU
		{335FD936-6CB5-460A-A11B-7589B1CC1E3F}.Release|Any CPU.ActiveCfg = Debug|Any CPU
		{335FD936-6CB5-460A-A11B-7589B1CC1E3F}.Release|Any CPU.Build.0 = Debug|Any CPU
		{335FD936-6CB5-460A-A11B-7589B1CC1E3F}.Release|Mixed Platforms.ActiveCfg = Debug|Any CPU
		{335FD936-6CB5-460A-A11B-7589B1CC1E3F}.Release|Mixed Platforms.Build.0 = Debug|Any CPU
		{335FD936-6CB5-460A-A11B-7589B1CC1E3F}.Release|x86.ActiveCfg = Debug|Any CPU
		{C6C928EE-7E60-4FD7-9281-231540D9A032}.Debug|Any CPU.ActiveCfg = Debug|x86
		{C6C928EE-7E60-4FD7-9281-231540D9A032}.Debug|Mixed Platforms.ActiveCfg = Debug|x86
		{C6C928EE-7E60-4FD7-9281-231540D9A032}.Debug|Mixed Platforms.Build.0 = Debug|x86
		{C6C928EE-7E60-4FD7-9281-231540D9A032}.Debug|x86.ActiveCfg = Debug|x86
		{C6C928EE-7E60-4FD7-9281-231540D9A032}.Debug|x86.Build.0 = Debug|x86
		{C6C928EE-7E60-4FD7-9281-231540D9A032}.Release|Any CPU.ActiveCfg = Release|x86
		{C6C928EE-7E60-4FD7-9281-231540D9A032}.Release|Mixed Platforms.ActiveCfg = Release|x86
		{C6C928EE-7E60-4FD7-9281-231540D9A032}.Release|Mixed Platforms.Build.0 = Release|x86
		{C6C928EE-7E60-4FD7-9281-231540D9A032}.Release|x86.ActiveCfg = Release|x86
		{C6C928EE-7E60-4FD7-9281-231540D9A032}.Release|x86.Build.0 = Release|x86
		{9CC3F5FB-E759-4A60-B553-1CFE74BF122F}.Debug|Any CPU.ActiveCfg = Debug|x86
		{9CC3F5FB-E759-4A60-B553-1CFE74BF122F}.Debug|Mixed Platforms.ActiveCfg = Debug|x86
		{9CC3F5FB-E759-4A60-B553-1CFE74BF122F}.Debug|Mixed Platforms.Build.0 = Debug|x86
		{9CC3F5FB-E759-4A60-B553-1CFE74BF122F}.Debug|x86.ActiveCfg = Debug|x86
		{9CC3F5FB-E759-4A60-B553-1CFE74BF122F}.Debug|x86.Build.0 = Debug|x86
		{9CC3F5FB-E759-4A60-B553-1CFE74BF122F}.Release|Any CPU.ActiveCfg = Release|x86
		{9CC3F5FB-E759-4A60-B553-1CFE74BF122F}.Release|Mixed Platforms.ActiveCfg = Release|x86
		{9CC3F5FB-E759-4A60-B553-1CFE74BF122F}.Release|Mixed Platforms.Build.0 = Release|x86
		{9CC3F5FB-E759-4A60-B553-1CFE74BF122F}.Release|x86.ActiveCfg = Release|x86
		{9CC3F5FB-E759-4A60-B553-1CFE74BF122F}.Release|x86.Build.0 = Release|x86
		{5140CE6C-7673-4000-89AB-969B4ECBD4E2}.Debug|Any CPU.ActiveCfg = Debug|x86
		{5140CE6C-7673-4000-89AB-969B4ECBD4E2}.Debug|Mixed Platforms.ActiveCfg = Debug|x86
		{5140CE6C-7673-4000-89AB-969B4ECBD4E2}.Debug|Mixed Platforms.Build.0 = Debug|x86
		{5140CE6C-7673-4000-89AB-969B4ECBD4E2}.Debug|x86.ActiveCfg = Debug|x86
		{5140CE6C-7673-4000-89AB-969B4ECBD4E2}.Debug|x86.Build.0 = Debug|x86
		{5140CE6C-7673-4000-89AB-969B4ECBD4E2}.Release|Any CPU.ActiveCfg = Release|x86
		{5140CE6C-7673-4000-89AB-969B4ECBD4E2}.Release|Mixed Platforms.ActiveCfg = Release|x86
		{5140CE6C-7673-4000-89AB-969B4ECBD4E2}.Release|Mixed Platforms.Build.0 = Release|x86
		{5140CE6C-7673-4000-89AB-969B4ECBD4E2}.Release|x86.ActiveCfg = Release|x86
		{5140CE6C-7673-4000-89AB-969B4ECBD4E2}.Release|x86.Build.0 = Release|x86
		{EDD5F860-FD9F-4279-BEF0-850C9E639A99}.Debug|Any CPU.ActiveCfg = Debug|x86
		{EDD5F860-FD9F-4279-BEF0-850C9E639A99}.Debug|Mixed Platforms.ActiveCfg = Debug|x86
		{EDD5F860-FD9F-4279-BEF0-850C9E639A99}.Debug|Mixed Platforms.Build.0 = Debug|x86
		{EDD5F860-FD9F-4279-BEF0-850C9E639A99}.Debug|x86.ActiveCfg = Debug|x86
		{EDD5F860-FD9F-4279-BEF0-850C9E639A99}.Debug|x86.Build.0 = Debug|x86
		{EDD5F860-FD9F-4279-BEF0-850C9E639A99}.Release|Any CPU.ActiveCfg = Release|x86
		{EDD5F860-FD9F-4279-BEF0-850C9E639A99}.Release|Mixed Platforms.ActiveCfg = Release|x86
		{EDD5F860-FD9F-4279-BEF0-850C9E639A99}.Release|Mixed Platforms.Build.0 = Release|x86
		{EDD5F860-FD9F-4279-BEF0-850C9E639A99}.Release|x86.ActiveCfg = Release|x86
		{EDD5F860-FD9F-4279-BEF0-850C9E639A99}.Release|x86.Build.0 = Release|x86
		{53CE6A7D-14A2-415B-9AA8-299CFF4B48CD}.Debug|Any CPU.ActiveCfg = Debug|Any CPU
		{53CE6A7D-14A2-415B-9AA8-299CFF4B48CD}.Debug|Any CPU.Build.0 = Debug|Any CPU
		{53CE6A7D-14A2-415B-9AA8-299CFF4B48CD}.Debug|Mixed Platforms.ActiveCfg = Debug|Any CPU
		{53CE6A7D-14A2-415B-9AA8-299CFF4B48CD}.Debug|Mixed Platforms.Build.0 = Debug|Any CPU
		{53CE6A7D-14A2-415B-9AA8-299CFF4B48CD}.Debug|x86.ActiveCfg = Debug|Any CPU
		{53CE6A7D-14A2-415B-9AA8-299CFF4B48CD}.Release|Any CPU.ActiveCfg = Release|Any CPU
		{53CE6A7D-14A2-415B-9AA8-299CFF4B48CD}.Release|Any CPU.Build.0 = Release|Any CPU
		{53CE6A7D-14A2-415B-9AA8-299CFF4B48CD}.Release|Mixed Platforms.ActiveCfg = Release|Any CPU
		{53CE6A7D-14A2-415B-9AA8-299CFF4B48CD}.Release|Mixed Platforms.Build.0 = Release|Any CPU
		{53CE6A7D-14A2-415B-9AA8-299CFF4B48CD}.Release|x86.ActiveCfg = Release|Any CPU
		{EF700F30-C9BB-49A6-912C-E3B77857B514}.Debug|Any CPU.ActiveCfg = Debug|Any CPU
		{EF700F30-C9BB-49A6-912C-E3B77857B514}.Debug|Any CPU.Build.0 = Debug|Any CPU
		{EF700F30-C9BB-49A6-912C-E3B77857B514}.Debug|Mixed Platforms.ActiveCfg = Debug|Any CPU
		{EF700F30-C9BB-49A6-912C-E3B77857B514}.Debug|Mixed Platforms.Build.0 = Debug|Any CPU
		{EF700F30-C9BB-49A6-912C-E3B77857B514}.Debug|x86.ActiveCfg = Debug|Any CPU
		{EF700F30-C9BB-49A6-912C-E3B77857B514}.Release|Any CPU.ActiveCfg = Release|Any CPU
		{EF700F30-C9BB-49A6-912C-E3B77857B514}.Release|Any CPU.Build.0 = Release|Any CPU
		{EF700F30-C9BB-49A6-912C-E3B77857B514}.Release|Mixed Platforms.ActiveCfg = Release|Any CPU
		{EF700F30-C9BB-49A6-912C-E3B77857B514}.Release|Mixed Platforms.Build.0 = Release|Any CPU
		{EF700F30-C9BB-49A6-912C-E3B77857B514}.Release|x86.ActiveCfg = Release|Any CPU
		{1D3684DD-83B9-456B-AB25-56F9234C2979}.Debug|Any CPU.ActiveCfg = Debug|Any CPU
		{1D3684DD-83B9-456B-AB25-56F9234C2979}.Debug|Any CPU.Build.0 = Debug|Any CPU
		{1D3684DD-83B9-456B-AB25-56F9234C2979}.Debug|Mixed Platforms.ActiveCfg = Debug|Any CPU
		{1D3684DD-83B9-456B-AB25-56F9234C2979}.Debug|Mixed Platforms.Build.0 = Debug|Any CPU
		{1D3684DD-83B9-456B-AB25-56F9234C2979}.Debug|x86.ActiveCfg = Debug|Any CPU
		{1D3684DD-83B9-456B-AB25-56F9234C2979}.Release|Any CPU.ActiveCfg = Release|Any CPU
		{1D3684DD-83B9-456B-AB25-56F9234C2979}.Release|Any CPU.Build.0 = Release|Any CPU
		{1D3684DD-83B9-456B-AB25-56F9234C2979}.Release|Mixed Platforms.ActiveCfg = Release|Any CPU
		{1D3684DD-83B9-456B-AB25-56F9234C2979}.Release|Mixed Platforms.Build.0 = Release|Any CPU
		{1D3684DD-83B9-456B-AB25-56F9234C2979}.Release|x86.ActiveCfg = Release|Any CPU
		{54838E84-A257-4527-96BC-9C57B7159C36}.Debug|Any CPU.ActiveCfg = Debug|Any CPU
		{54838E84-A257-4527-96BC-9C57B7159C36}.Debug|Any CPU.Build.0 = Debug|Any CPU
		{54838E84-A257-4527-96BC-9C57B7159C36}.Debug|Mixed Platforms.ActiveCfg = Debug|Any CPU
		{54838E84-A257-4527-96BC-9C57B7159C36}.Debug|Mixed Platforms.Build.0 = Debug|Any CPU
		{54838E84-A257-4527-96BC-9C57B7159C36}.Debug|x86.ActiveCfg = Debug|Any CPU
		{54838E84-A257-4527-96BC-9C57B7159C36}.Release|Any CPU.ActiveCfg = Release|Any CPU
		{54838E84-A257-4527-96BC-9C57B7159C36}.Release|Any CPU.Build.0 = Release|Any CPU
		{54838E84-A257-4527-96BC-9C57B7159C36}.Release|Mixed Platforms.ActiveCfg = Release|Any CPU
		{54838E84-A257-4527-96BC-9C57B7159C36}.Release|Mixed Platforms.Build.0 = Release|Any CPU
		{54838E84-A257-4527-96BC-9C57B7159C36}.Release|x86.ActiveCfg = Release|Any CPU
		{1697D047-9BC2-4DD7-95CF-221C002AD05A}.Debug|Any CPU.ActiveCfg = Debug|Any CPU
		{1697D047-9BC2-4DD7-95CF-221C002AD05A}.Debug|Any CPU.Build.0 = Debug|Any CPU
		{1697D047-9BC2-4DD7-95CF-221C002AD05A}.Debug|Mixed Platforms.ActiveCfg = Debug|Any CPU
		{1697D047-9BC2-4DD7-95CF-221C002AD05A}.Debug|Mixed Platforms.Build.0 = Debug|Any CPU
		{1697D047-9BC2-4DD7-95CF-221C002AD05A}.Debug|x86.ActiveCfg = Debug|Any CPU
		{1697D047-9BC2-4DD7-95CF-221C002AD05A}.Release|Any CPU.ActiveCfg = Release|Any CPU
		{1697D047-9BC2-4DD7-95CF-221C002AD05A}.Release|Any CPU.Build.0 = Release|Any CPU
		{1697D047-9BC2-4DD7-95CF-221C002AD05A}.Release|Mixed Platforms.ActiveCfg = Release|Any CPU
		{1697D047-9BC2-4DD7-95CF-221C002AD05A}.Release|Mixed Platforms.Build.0 = Release|Any CPU
		{1697D047-9BC2-4DD7-95CF-221C002AD05A}.Release|x86.ActiveCfg = Release|Any CPU
		{76F7E464-ABE9-4E28-B6DC-C8ABF629FE60}.Debug|Any CPU.ActiveCfg = Debug|Any CPU
		{76F7E464-ABE9-4E28-B6DC-C8ABF629FE60}.Debug|Any CPU.Build.0 = Debug|Any CPU
		{76F7E464-ABE9-4E28-B6DC-C8ABF629FE60}.Debug|Mixed Platforms.ActiveCfg = Debug|Any CPU
		{76F7E464-ABE9-4E28-B6DC-C8ABF629FE60}.Debug|Mixed Platforms.Build.0 = Debug|Any CPU
		{76F7E464-ABE9-4E28-B6DC-C8ABF629FE60}.Debug|x86.ActiveCfg = Debug|Any CPU
		{76F7E464-ABE9-4E28-B6DC-C8ABF629FE60}.Release|Any CPU.ActiveCfg = Release|Any CPU
		{76F7E464-ABE9-4E28-B6DC-C8ABF629FE60}.Release|Any CPU.Build.0 = Release|Any CPU
		{76F7E464-ABE9-4E28-B6DC-C8ABF629FE60}.Release|Mixed Platforms.ActiveCfg = Release|Any CPU
		{76F7E464-ABE9-4E28-B6DC-C8ABF629FE60}.Release|Mixed Platforms.Build.0 = Release|Any CPU
		{76F7E464-ABE9-4E28-B6DC-C8ABF629FE60}.Release|x86.ActiveCfg = Release|Any CPU
		{0E86A389-7C5F-4051-BFE8-90AF4BFB2AA0}.Debug|Any CPU.ActiveCfg = Debug|Any CPU
		{0E86A389-7C5F-4051-BFE8-90AF4BFB2AA0}.Debug|Any CPU.Build.0 = Debug|Any CPU
		{0E86A389-7C5F-4051-BFE8-90AF4BFB2AA0}.Debug|Mixed Platforms.ActiveCfg = Debug|Any CPU
		{0E86A389-7C5F-4051-BFE8-90AF4BFB2AA0}.Debug|Mixed Platforms.Build.0 = Debug|Any CPU
		{0E86A389-7C5F-4051-BFE8-90AF4BFB2AA0}.Debug|x86.ActiveCfg = Debug|Any CPU
		{0E86A389-7C5F-4051-BFE8-90AF4BFB2AA0}.Debug|x86.Build.0 = Debug|Any CPU
		{0E86A389-7C5F-4051-BFE8-90AF4BFB2AA0}.Release|Any CPU.ActiveCfg = Release|Any CPU
		{0E86A389-7C5F-4051-BFE8-90AF4BFB2AA0}.Release|Any CPU.Build.0 = Release|Any CPU
		{0E86A389-7C5F-4051-BFE8-90AF4BFB2AA0}.Release|Mixed Platforms.ActiveCfg = Release|Any CPU
		{0E86A389-7C5F-4051-BFE8-90AF4BFB2AA0}.Release|Mixed Platforms.Build.0 = Release|Any CPU
		{0E86A389-7C5F-4051-BFE8-90AF4BFB2AA0}.Release|x86.ActiveCfg = Release|Any CPU
		{0E86A389-7C5F-4051-BFE8-90AF4BFB2AA0}.Release|x86.Build.0 = Release|Any CPU
	EndGlobalSection
	GlobalSection(SolutionProperties) = preSolution
		HideSolutionNode = FALSE
	EndGlobalSection
	GlobalSection(NestedProjects) = preSolution
		{76F7E464-ABE9-4E28-B6DC-C8ABF629FE60} = {5B8768B6-D644-471B-8C5D-19BA1C8E6583}
		{715DE576-24A8-40B2-8DB1-6129E90EB5E8} = {031FDFEB-4F03-44CF-BE79-39770FAB4B3E}
	EndGlobalSection
	GlobalSection(ExtensibilityGlobals) = postSolution
		SolutionGuid = {784D0702-794B-4D39-8605-C2086AAB925C}
	EndGlobalSection
EndGlobal
